
Microsoft Visual Studio Solution File, Format Version 12.00
# Visual Studio Version 16
VisualStudioVersion = 16.0.31515.178
MinimumVisualStudioVersion = 10.0.40219.1
Project("{FAE04EC0-301F-11D3-BF4B-00C04F79EFBC}") = "Figures", "Figures\Figures.csproj", "{2E8F3F76-5480-439A-BCE8-461BC254C7B7}"
EndProject
Global
	GlobalSection(SolutionConfigurationPlatforms) = preSolution
		Debug|Any CPU = Debug|Any CPU
		Release|Any CPU = Release|Any CPU
	EndGlobalSection
	GlobalSection(ProjectConfigurationPlatforms) = postSolution
		{2E8F3F76-5480-439A-BCE8-461BC254C7B7}.Debug|Any CPU.ActiveCfg = Debug|Any CPU
		{2E8F3F76-5480-439A-BCE8-461BC254C7B7}.Debug|Any CPU.Build.0 = Debug|Any CPU
		{2E8F3F76-5480-439A-BCE8-461BC254C7B7}.Release|Any CPU.ActiveCfg = Release|Any CPU
		{2E8F3F76-5480-439A-BCE8-461BC254C7B7}.Release|Any CPU.Build.0 = Release|Any CPU
	EndGlobalSection
	GlobalSection(SolutionProperties) = preSolution
		HideSolutionNode = FALSE
	EndGlobalSection
	GlobalSection(ExtensibilityGlobals) = postSolution
		SolutionGuid = {C1C6D8B8-46C3-4645-92D9-B1F70ABCB383}
	EndGlobalSection
EndGlobal
